// !$*UTF8*$!
{
	archiveVersion = 1;
	classes = {
	};
	objectVersion = 50;
	objects = {

/* Begin PBXBuildFile section */
		634B4E942639CC54006FB3AD /* AppDelegate.swift in Sources */ = {isa = PBXBuildFile; fileRef = 634B4E932639CC54006FB3AD /* AppDelegate.swift */; };
		634B4E962639CC54006FB3AD /* SceneDelegate.swift in Sources */ = {isa = PBXBuildFile; fileRef = 634B4E952639CC54006FB3AD /* SceneDelegate.swift */; };
		634B4E9B2639CC54006FB3AD /* Main.storyboard in Resources */ = {isa = PBXBuildFile; fileRef = 634B4E992639CC54006FB3AD /* Main.storyboard */; };
		634B4E9D2639CC56006FB3AD /* Assets.xcassets in Resources */ = {isa = PBXBuildFile; fileRef = 634B4E9C2639CC56006FB3AD /* Assets.xcassets */; };
		634B4EA02639CC56006FB3AD /* LaunchScreen.storyboard in Resources */ = {isa = PBXBuildFile; fileRef = 634B4E9E2639CC56006FB3AD /* LaunchScreen.storyboard */; };
		634B4EAE2639CDA7006FB3AD /* BasicCollectionViewController.swift in Sources */ = {isa = PBXBuildFile; fileRef = 634B4EAD2639CDA7006FB3AD /* BasicCollectionViewController.swift */; };
		63834BD7263B0AEA00048D28 /* BasicCollectionViewCell.swift in Sources */ = {isa = PBXBuildFile; fileRef = 63834BD6263B0AEA00048D28 /* BasicCollectionViewCell.swift */; };
/* End PBXBuildFile section */

/* Begin PBXFileReference section */
		634B4E902639CC54006FB3AD /* BasicCollectionView.app */ = {isa = PBXFileReference; explicitFileType = wrapper.application; includeInIndex = 0; path = BasicCollectionView.app; sourceTree = BUILT_PRODUCTS_DIR; };
		634B4E932639CC54006FB3AD /* AppDelegate.swift */ = {isa = PBXFileReference; lastKnownFileType = sourcecode.swift; path = AppDelegate.swift; sourceTree = "<group>"; };
		634B4E952639CC54006FB3AD /* SceneDelegate.swift */ = {isa = PBXFileReference; lastKnownFileType = sourcecode.swift; path = SceneDelegate.swift; sourceTree = "<group>"; };
		634B4E9A2639CC54006FB3AD /* Base */ = {isa = PBXFileReference; lastKnownFileType = file.storyboard; name = Base; path = Base.lproj/Main.storyboard; sourceTree = "<group>"; };
		634B4E9C2639CC56006FB3AD /* Assets.xcassets */ = {isa = PBXFileReference; lastKnownFileType = folder.assetcatalog; path = Assets.xcassets; sourceTree = "<group>"; };
		634B4E9F2639CC56006FB3AD /* Base */ = {isa = PBXFileReference; lastKnownFileType = file.storyboard; name = Base; path = Base.lproj/LaunchScreen.storyboard; sourceTree = "<group>"; };
		634B4EA12639CC56006FB3AD /* Info.plist */ = {isa = PBXFileReference; lastKnownFileType = text.plist.xml; path = Info.plist; sourceTree = "<group>"; };
		634B4EAD2639CDA7006FB3AD /* BasicCollectionViewController.swift */ = {isa = PBXFileReference; lastKnownFileType = sourcecode.swift; path = BasicCollectionViewController.swift; sourceTree = "<group>"; };
		63834BD6263B0AEA00048D28 /* BasicCollectionViewCell.swift */ = {isa = PBXFileReference; lastKnownFileType = sourcecode.swift; path = BasicCollectionViewCell.swift; sourceTree = "<group>"; };
/* End PBXFileReference section */

/* Begin PBXFrameworksBuildPhase section */
		634B4E8D2639CC54006FB3AD /* Frameworks */ = {
			isa = PBXFrameworksBuildPhase;
			buildActionMask = 2147483647;
			files = (
			);
			runOnlyForDeploymentPostprocessing = 0;
		};
/* End PBXFrameworksBuildPhase section */

/* Begin PBXGroup section */
		634B4E872639CC54006FB3AD = {
			isa = PBXGroup;
			children = (
				634B4E922639CC54006FB3AD /* BasicCollectionView */,
				634B4E912639CC54006FB3AD /* Products */,
			);
			sourceTree = "<group>";
		};
		634B4E912639CC54006FB3AD /* Products */ = {
			isa = PBXGroup;
			children = (
				634B4E902639CC54006FB3AD /* BasicCollectionView.app */,
			);
			name = Products;
			sourceTree = "<group>";
		};
		634B4E922639CC54006FB3AD /* BasicCollectionView */ = {
			isa = PBXGroup;
			children = (
				634B4EAA2639CCE1006FB3AD /* Support */,
				63834BD6263B0AEA00048D28 /* BasicCollectionViewCell.swift */,
				634B4EAD2639CDA7006FB3AD /* BasicCollectionViewController.swift */,
				634B4E992639CC54006FB3AD /* Main.storyboard */,
			);
			path = BasicCollectionView;
			sourceTree = "<group>";
		};
		634B4EAA2639CCE1006FB3AD /* Support */ = {
			isa = PBXGroup;
			children = (
				634B4E9E2639CC56006FB3AD /* LaunchScreen.storyboard */,
				634B4E932639CC54006FB3AD /* AppDelegate.swift */,
				634B4E952639CC54006FB3AD /* SceneDelegate.swift */,
				634B4E9C2639CC56006FB3AD /* Assets.xcassets */,
				634B4EA12639CC56006FB3AD /* Info.plist */,
			);
			path = Support;
			sourceTree = "<group>";
		};
/* End PBXGroup section */

/* Begin PBXNativeTarget section */
		634B4E8F2639CC54006FB3AD /* BasicCollectionView */ = {
			isa = PBXNativeTarget;
			buildConfigurationList = 634B4EA42639CC56006FB3AD /* Build configuration list for PBXNativeTarget "BasicCollectionView" */;
			buildPhases = (
				634B4E8C2639CC54006FB3AD /* Sources */,
				634B4E8D2639CC54006FB3AD /* Frameworks */,
				634B4E8E2639CC54006FB3AD /* Resources */,
			);
			buildRules = (
			);
			dependencies = (
			);
			name = BasicCollectionView;
			productName = BasicCollectionView;
			productReference = 634B4E902639CC54006FB3AD /* BasicCollectionView.app */;
			productType = "com.apple.product-type.application";
		};
/* End PBXNativeTarget section */

/* Begin PBXProject section */
		634B4E882639CC54006FB3AD /* Project object */ = {
			isa = PBXProject;
			attributes = {
				LastSwiftUpdateCheck = 1240;
				LastUpgradeCheck = 1240;
				TargetAttributes = {
					634B4E8F2639CC54006FB3AD = {
						CreatedOnToolsVersion = 12.4;
					};
				};
			};
			buildConfigurationList = 634B4E8B2639CC54006FB3AD /* Build configuration list for PBXProject "BasicCollectionView" */;
			compatibilityVersion = "Xcode 9.3";
			developmentRegion = en;
			hasScannedForEncodings = 0;
			knownRegions = (
				en,
				Base,
			);
			mainGroup = 634B4E872639CC54006FB3AD;
			productRefGroup = 634B4E912639CC54006FB3AD /* Products */;
			projectDirPath = "";
			projectRoot = "";
			targets = (
				634B4E8F2639CC54006FB3AD /* BasicCollectionView */,
			);
		};
/* End PBXProject section */

/* Begin PBXResourcesBuildPhase section */
		634B4E8E2639CC54006FB3AD /* Resources */ = {
			isa = PBXResourcesBuildPhase;
			buildActionMask = 2147483647;
			files = (
				634B4EA02639CC56006FB3AD /* LaunchScreen.storyboard in Resources */,
				634B4E9D2639CC56006FB3AD /* Assets.xcassets in Resources */,
				634B4E9B2639CC54006FB3AD /* Main.storyboard in Resources */,
			);
			runOnlyForDeploymentPostprocessing = 0;
		};
/* End PBXResourcesBuildPhase section */

/* Begin PBXSourcesBuildPhase section */
		634B4E8C2639CC54006FB3AD /* Sources */ = {
			isa = PBXSourcesBuildPhase;
			buildActionMask = 2147483647;
			files = (
				634B4E942639CC54006FB3AD /* AppDelegate.swift in Sources */,
				63834BD7263B0AEA00048D28 /* BasicCollectionViewCell.swift in Sources */,
				634B4EAE2639CDA7006FB3AD /* BasicCollectionViewController.swift in Sources */,
				634B4E962639CC54006FB3AD /* SceneDelegate.swift in Sources */,
			);
			runOnlyForDeploymentPostprocessing = 0;
		};
/* End PBXSourcesBuildPhase section */

/* Begin PBXVariantGroup section */
		634B4E992639CC54006FB3AD /* Main.storyboard */ = {
			isa = PBXVariantGroup;
			children = (
				634B4E9A2639CC54006FB3AD /* Base */,
			);
			name = Main.storyboard;
			sourceTree = "<group>";
		};
		634B4E9E2639CC56006FB3AD /* LaunchScreen.storyboard */ = {
			isa = PBXVariantGroup;
			children = (
				634B4E9F2639CC56006FB3AD /* Base */,
			);
			name = LaunchScreen.storyboard;
			sourceTree = "<group>";
		};
/* End PBXVariantGroup section */

/* Begin XCBuildConfiguration section */
		634B4EA22639CC56006FB3AD /* Debug */ = {
			isa = XCBuildConfiguration;
			buildSettings = {
				ALWAYS_SEARCH_USER_PATHS = NO;
				CLANG_ANALYZER_NONNULL = YES;
				CLANG_ANALYZER_NUMBER_OBJECT_CONVERSION = YES_AGGRESSIVE;
				CLANG_CXX_LANGUAGE_STANDARD = "gnu++14";
				CLANG_CXX_LIBRARY = "libc++";
				CLANG_ENABLE_MODULES = YES;
				CLANG_ENABLE_OBJC_ARC = YES;
				CLANG_ENABLE_OBJC_WEAK = YES;
				CLANG_WARN_BLOCK_CAPTURE_AUTORELEASING = YES;
				CLANG_WARN_BOOL_CONVERSION = YES;
				CLANG_WARN_COMMA = YES;
				CLANG_WARN_CONSTANT_CONVERSION = YES;
				CLANG_WARN_DEPRECATED_OBJC_IMPLEMENTATIONS = YES;
				CLANG_WARN_DIRECT_OBJC_ISA_USAGE = YES_ERROR;
				CLANG_WARN_DOCUMENTATION_COMMENTS = YES;
				CLANG_WARN_EMPTY_BODY = YES;
				CLANG_WARN_ENUM_CONVERSION = YES;
				CLANG_WARN_INFINITE_RECURSION = YES;
				CLANG_WARN_INT_CONVERSION = YES;
				CLANG_WARN_NON_LITERAL_NULL_CONVERSION = YES;
				CLANG_WARN_OBJC_IMPLICIT_RETAIN_SELF = YES;
				CLANG_WARN_OBJC_LITERAL_CONVERSION = YES;
				CLANG_WARN_OBJC_ROOT_CLASS = YES_ERROR;
				CLANG_WARN_QUOTED_INCLUDE_IN_FRAMEWORK_HEADER = YES;
				CLANG_WARN_RANGE_LOOP_ANALYSIS = YES;
				CLANG_WARN_STRICT_PROTOTYPES = YES;
				CLANG_WARN_SUSPICIOUS_MOVE = YES;
				CLANG_WARN_UNGUARDED_AVAILABILITY = YES_AGGRESSIVE;
				CLANG_WARN_UNREACHABLE_CODE = YES;
				CLANG_WARN__DUPLICATE_METHOD_MATCH = YES;
				COPY_PHASE_STRIP = NO;
				DEBUG_INFORMATION_FORMAT = dwarf;
				ENABLE_STRICT_OBJC_MSGSEND = YES;
				ENABLE_TESTABILITY = YES;
				GCC_C_LANGUAGE_STANDARD = gnu11;
				GCC_DYNAMIC_NO_PIC = NO;
				GCC_NO_COMMON_BLOCKS = YES;
				GCC_OPTIMIZATION_LEVEL = 0;
				GCC_PREPROCESSOR_DEFINITIONS = (
					"DEBUG=1",
					"$(inherited)",
				);
				GCC_WARN_64_TO_32_BIT_CONVERSION = YES;
				GCC_WARN_ABOUT_RETURN_TYPE = YES_ERROR;
				GCC_WARN_UNDECLARED_SELECTOR = YES;
				GCC_WARN_UNINITIALIZED_AUTOS = YES_AGGRESSIVE;
				GCC_WARN_UNUSED_FUNCTION = YES;
				GCC_WARN_UNUSED_VARIABLE = YES;
				IPHONEOS_DEPLOYMENT_TARGET = 14.4;
				MTL_ENABLE_DEBUG_INFO = INCLUDE_SOURCE;
				MTL_FAST_MATH = YES;
				ONLY_ACTIVE_ARCH = YES;
				SDKROOT = iphoneos;
				SWIFT_ACTIVE_COMPILATION_CONDITIONS = DEBUG;
				SWIFT_OPTIMIZATION_LEVEL = "-Onone";
			};
			name = Debug;
		};
		634B4EA32639CC56006FB3AD /* Release */ = {
			isa = XCBuildConfiguration;
			buildSettings = {
				ALWAYS_SEARCH_USER_PATHS = NO;
				CLANG_ANALYZER_NONNULL = YES;
				CLANG_ANALYZER_NUMBER_OBJECT_CONVERSION = YES_AGGRESSIVE;
				CLANG_CXX_LANGUAGE_STANDARD = "gnu++14";
				CLANG_CXX_LIBRARY = "libc++";
				CLANG_ENABLE_MODULES = YES;
				CLANG_ENABLE_OBJC_ARC = YES;
				CLANG_ENABLE_OBJC_WEAK = YES;
				CLANG_WARN_BLOCK_CAPTURE_AUTORELEASING = YES;
				CLANG_WARN_BOOL_CONVERSION = YES;
				CLANG_WARN_COMMA = YES;
				CLANG_WARN_CONSTANT_CONVERSION = YES;
				CLANG_WARN_DEPRECATED_OBJC_IMPLEMENTATIONS = YES;
				CLANG_WARN_DIRECT_OBJC_ISA_USAGE = YES_ERROR;
				CLANG_WARN_DOCUMENTATION_COMMENTS = YES;
				CLANG_WARN_EMPTY_BODY = YES;
				CLANG_WARN_ENUM_CONVERSION = YES;
				CLANG_WARN_INFINITE_RECURSION = YES;
				CLANG_WARN_INT_CONVERSION = YES;
				CLANG_WARN_NON_LITERAL_NULL_CONVERSION = YES;
				CLANG_WARN_OBJC_IMPLICIT_RETAIN_SELF = YES;
				CLANG_WARN_OBJC_LITERAL_CONVERSION = YES;
				CLANG_WARN_OBJC_ROOT_CLASS = YES_ERROR;
				CLANG_WARN_QUOTED_INCLUDE_IN_FRAMEWORK_HEADER = YES;
				CLANG_WARN_RANGE_LOOP_ANALYSIS = YES;
				CLANG_WARN_STRICT_PROTOTYPES = YES;
				CLANG_WARN_SUSPICIOUS_MOVE = YES;
				CLANG_WARN_UNGUARDED_AVAILABILITY = YES_AGGRESSIVE;
				CLANG_WARN_UNREACHABLE_CODE = YES;
				CLANG_WARN__DUPLICATE_METHOD_MATCH = YES;
				COPY_PHASE_STRIP = NO;
				DEBUG_INFORMATION_FORMAT = "dwarf-with-dsym";
				ENABLE_NS_ASSERTIONS = NO;
				ENABLE_STRICT_OBJC_MSGSEND = YES;
				GCC_C_LANGUAGE_STANDARD = gnu11;
				GCC_NO_COMMON_BLOCKS = YES;
				GCC_WARN_64_TO_32_BIT_CONVERSION = YES;
				GCC_WARN_ABOUT_RETURN_TYPE = YES_ERROR;
				GCC_WARN_UNDECLARED_SELECTOR = YES;
				GCC_WARN_UNINITIALIZED_AUTOS = YES_AGGRESSIVE;
				GCC_WARN_UNUSED_FUNCTION = YES;
				GCC_WARN_UNUSED_VARIABLE = YES;
				IPHONEOS_DEPLOYMENT_TARGET = 14.4;
				MTL_ENABLE_DEBUG_INFO = NO;
				MTL_FAST_MATH = YES;
				SDKROOT = iphoneos;
				SWIFT_COMPILATION_MODE = wholemodule;
				SWIFT_OPTIMIZATION_LEVEL = "-O";
				VALIDATE_PRODUCT = YES;
			};
			name = Release;
		};
		634B4EA52639CC56006FB3AD /* Debug */ = {
			isa = XCBuildConfiguration;
			buildSettings = {
				ASSETCATALOG_COMPILER_APPICON_NAME = AppIcon;
				ASSETCATALOG_COMPILER_GLOBAL_ACCENT_COLOR_NAME = AccentColor;
				CODE_SIGN_STYLE = Automatic;
				DEVELOPMENT_TEAM = F824GPAVR5;
				INFOPLIST_FILE = BasicCollectionView/Support/Info.plist;
				IPHONEOS_DEPLOYMENT_TARGET = 14.4;
				LD_RUNPATH_SEARCH_PATHS = (
					"$(inherited)",
					"@executable_path/Frameworks",
				);
				PRODUCT_BUNDLE_IDENTIFIER = com.berezentsev.BasicCollectionView;
				PRODUCT_NAME = "$(TARGET_NAME)";
				SWIFT_VERSION = 5.0;
				TARGETED_DEVICE_FAMILY = "1,2";
			};
			name = Debug;
		};
		634B4EA62639CC56006FB3AD /* Release */ = {
			isa = XCBuildConfiguration;
			buildSettings = {
				ASSETCATALOG_COMPILER_APPICON_NAME = AppIcon;
				ASSETCATALOG_COMPILER_GLOBAL_ACCENT_COLOR_NAME = AccentColor;
				CODE_SIGN_STYLE = Automatic;
				DEVELOPMENT_TEAM = F824GPAVR5;
				INFOPLIST_FILE = BasicCollectionView/Support/Info.plist;
				IPHONEOS_DEPLOYMENT_TARGET = 14.4;
				LD_RUNPATH_SEARCH_PATHS = (
					"$(inherited)",
					"@executable_path/Frameworks",
				);
				PRODUCT_BUNDLE_IDENTIFIER = com.berezentsev.BasicCollectionView;
				PRODUCT_NAME = "$(TARGET_NAME)";
				SWIFT_VERSION = 5.0;
				TARGETED_DEVICE_FAMILY = "1,2";
			};
			name = Release;
		};
/* End XCBuildConfiguration section */

/* Begin XCConfigurationList section */
		634B4E8B2639CC54006FB3AD /* Build configuration list for PBXProject "BasicCollectionView" */ = {
			isa = XCConfigurationList;
			buildConfigurations = (
				634B4EA22639CC56006FB3AD /* Debug */,
				634B4EA32639CC56006FB3AD /* Release */,
			);
			defaultConfigurationIsVisible = 0;
			defaultConfigurationName = Release;
		};
		634B4EA42639CC56006FB3AD /* Build configuration list for PBXNativeTarget "BasicCollectionView" */ = {
			isa = XCConfigurationList;
			buildConfigurations = (
				634B4EA52639CC56006FB3AD /* Debug */,
				634B4EA62639CC56006FB3AD /* Release */,
			);
			defaultConfigurationIsVisible = 0;
			defaultConfigurationName = Release;
		};
/* End XCConfigurationList section */
	};
	rootObject = 634B4E882639CC54006FB3AD /* Project object */;
}
